
Microsoft Visual Studio Solution File, Format Version 12.00
# Visual Studio Version 17
VisualStudioVersion = 17.4.33403.182
MinimumVisualStudioVersion = 10.0.40219.1
Project("{FAE04EC0-301F-11D3-BF4B-00C04F79EFBC}") = "Soru 01", "Soru 01\Soru 01.csproj", "{224C1B80-08B0-4625-8D50-CEC3F6244230}"
EndProject
Project("{FAE04EC0-301F-11D3-BF4B-00C04F79EFBC}") = "Soru 02", "Soru 02\Soru 02.csproj", "{20A73D94-D3C5-4990-9903-06C6E7DD1037}"
EndProject
Global
	GlobalSection(SolutionConfigurationPlatforms) = preSolution
		Debug|Any CPU = Debug|Any CPU
		Release|Any CPU = Release|Any CPU
	EndGlobalSection
	GlobalSection(ProjectConfigurationPlatforms) = postSolution
		{224C1B80-08B0-4625-8D50-CEC3F6244230}.Debug|Any CPU.ActiveCfg = Debug|Any CPU
		{224C1B80-08B0-4625-8D50-CEC3F6244230}.Debug|Any CPU.Build.0 = Debug|Any CPU
		{224C1B80-08B0-4625-8D50-CEC3F6244230}.Release|Any CPU.ActiveCfg = Release|Any CPU
		{224C1B80-08B0-4625-8D50-CEC3F6244230}.Release|Any CPU.Build.0 = Release|Any CPU
		{20A73D94-D3C5-4990-9903-06C6E7DD1037}.Debug|Any CPU.ActiveCfg = Debug|Any CPU
		{20A73D94-D3C5-4990-9903-06C6E7DD1037}.Debug|Any CPU.Build.0 = Debug|Any CPU
		{20A73D94-D3C5-4990-9903-06C6E7DD1037}.Release|Any CPU.ActiveCfg = Release|Any CPU
		{20A73D94-D3C5-4990-9903-06C6E7DD1037}.Release|Any CPU.Build.0 = Release|Any CPU
	EndGlobalSection
	GlobalSection(SolutionProperties) = preSolution
		HideSolutionNode = FALSE
	EndGlobalSection
	GlobalSection(ExtensibilityGlobals) = postSolution
		SolutionGuid = {BB42C318-8E3E-48A3-A2B2-F9F348C7BDBD}
	EndGlobalSection
EndGlobal
