
Microsoft Visual Studio Solution File, Format Version 12.00
# Visual Studio Version 17
VisualStudioVersion = 17.2.32616.157
MinimumVisualStudioVersion = 10.0.40219.1
Project("{FAE04EC0-301F-11D3-BF4B-00C04F79EFBC}") = "Soru 01", "Soru 01\Soru 01.csproj", "{16655972-8172-445A-93E7-F07EFA75E29B}"
EndProject
Project("{FAE04EC0-301F-11D3-BF4B-00C04F79EFBC}") = "Soru 02", "Soru 02\Soru 02.csproj", "{E7F1BD14-1400-4C57-B743-B2FD5D39BCED}"
EndProject
Project("{FAE04EC0-301F-11D3-BF4B-00C04F79EFBC}") = "Soru 03", "Soru 03\Soru 03.csproj", "{2DCA7449-7586-4052-B769-286B7EC8BBFE}"
EndProject
Project("{FAE04EC0-301F-11D3-BF4B-00C04F79EFBC}") = "Soru 04", "Soru 04\Soru 04.csproj", "{E53485E8-66D2-4BEB-90E3-FC566B19D9F4}"
EndProject
Global
	GlobalSection(SolutionConfigurationPlatforms) = preSolution
		Debug|Any CPU = Debug|Any CPU
		Release|Any CPU = Release|Any CPU
	EndGlobalSection
	GlobalSection(ProjectConfigurationPlatforms) = postSolution
		{16655972-8172-445A-93E7-F07EFA75E29B}.Debug|Any CPU.ActiveCfg = Debug|Any CPU
		{16655972-8172-445A-93E7-F07EFA75E29B}.Debug|Any CPU.Build.0 = Debug|Any CPU
		{16655972-8172-445A-93E7-F07EFA75E29B}.Release|Any CPU.ActiveCfg = Release|Any CPU
		{16655972-8172-445A-93E7-F07EFA75E29B}.Release|Any CPU.Build.0 = Release|Any CPU
		{E7F1BD14-1400-4C57-B743-B2FD5D39BCED}.Debug|Any CPU.ActiveCfg = Debug|Any CPU
		{E7F1BD14-1400-4C57-B743-B2FD5D39BCED}.Debug|Any CPU.Build.0 = Debug|Any CPU
		{E7F1BD14-1400-4C57-B743-B2FD5D39BCED}.Release|Any CPU.ActiveCfg = Release|Any CPU
		{E7F1BD14-1400-4C57-B743-B2FD5D39BCED}.Release|Any CPU.Build.0 = Release|Any CPU
		{2DCA7449-7586-4052-B769-286B7EC8BBFE}.Debug|Any CPU.ActiveCfg = Debug|Any CPU
		{2DCA7449-7586-4052-B769-286B7EC8BBFE}.Debug|Any CPU.Build.0 = Debug|Any CPU
		{2DCA7449-7586-4052-B769-286B7EC8BBFE}.Release|Any CPU.ActiveCfg = Release|Any CPU
		{2DCA7449-7586-4052-B769-286B7EC8BBFE}.Release|Any CPU.Build.0 = Release|Any CPU
		{E53485E8-66D2-4BEB-90E3-FC566B19D9F4}.Debug|Any CPU.ActiveCfg = Debug|Any CPU
		{E53485E8-66D2-4BEB-90E3-FC566B19D9F4}.Debug|Any CPU.Build.0 = Debug|Any CPU
		{E53485E8-66D2-4BEB-90E3-FC566B19D9F4}.Release|Any CPU.ActiveCfg = Release|Any CPU
		{E53485E8-66D2-4BEB-90E3-FC566B19D9F4}.Release|Any CPU.Build.0 = Release|Any CPU
	EndGlobalSection
	GlobalSection(SolutionProperties) = preSolution
		HideSolutionNode = FALSE
	EndGlobalSection
	GlobalSection(ExtensibilityGlobals) = postSolution
		SolutionGuid = {3AEBDB0E-035B-446A-B291-9E67661E416C}
	EndGlobalSection
EndGlobal
